
Microsoft Visual Studio Solution File, Format Version 12.00
# Visual Studio 15
VisualStudioVersion = 15.0.27703.2042
MinimumVisualStudioVersion = 10.0.40219.1
Project("{FAE04EC0-301F-11D3-BF4B-00C04F79EFBC}") = "DemoMap", "DemoMap\DemoMap\DemoMap.csproj", "{747FCB7D-3742-4516-AD26-95174ABE7A83}"
EndProject
Project("{FAE04EC0-301F-11D3-BF4B-00C04F79EFBC}") = "DemoMap.Android", "DemoMap\DemoMap.Android\DemoMap.Android.csproj", "{F14D1D2B-173B-4EF1-B238-3F758E93D37E}"
EndProject
Project("{FAE04EC0-301F-11D3-BF4B-00C04F79EFBC}") = "DemoMap.iOS", "DemoMap\DemoMap.iOS\DemoMap.iOS.csproj", "{E94C945D-F1B7-4779-9838-08045F77C5D1}"
EndProject
Project("{FAE04EC0-301F-11D3-BF4B-00C04F79EFBC}") = "DemoMap.UWP", "DemoMap\DemoMap.UWP\DemoMap.UWP.csproj", "{A7B08251-4922-4971-BA0C-30E63C24A392}"
EndProject
Global
	GlobalSection(SolutionConfigurationPlatforms) = preSolution
		Ad-Hoc|Any CPU = Ad-Hoc|Any CPU
		Ad-Hoc|ARM = Ad-Hoc|ARM
		Ad-Hoc|iPhone = Ad-Hoc|iPhone
		Ad-Hoc|iPhoneSimulator = Ad-Hoc|iPhoneSimulator
		Ad-Hoc|x64 = Ad-Hoc|x64
		Ad-Hoc|x86 = Ad-Hoc|x86
		AppStore|Any CPU = AppStore|Any CPU
		AppStore|ARM = AppStore|ARM
		AppStore|iPhone = AppStore|iPhone
		AppStore|iPhoneSimulator = AppStore|iPhoneSimulator
		AppStore|x64 = AppStore|x64
		AppStore|x86 = AppStore|x86
		Debug|Any CPU = Debug|Any CPU
		Debug|ARM = Debug|ARM
		Debug|iPhone = Debug|iPhone
		Debug|iPhoneSimulator = Debug|iPhoneSimulator
		Debug|x64 = Debug|x64
		Debug|x86 = Debug|x86
		Release|Any CPU = Release|Any CPU
		Release|ARM = Release|ARM
		Release|iPhone = Release|iPhone
		Release|iPhoneSimulator = Release|iPhoneSimulator
		Release|x64 = Release|x64
		Release|x86 = Release|x86
	EndGlobalSection
	GlobalSection(ProjectConfigurationPlatforms) = postSolution
		{747FCB7D-3742-4516-AD26-95174ABE7A83}.Ad-Hoc|Any CPU.ActiveCfg = Debug|Any CPU
		{747FCB7D-3742-4516-AD26-95174ABE7A83}.Ad-Hoc|Any CPU.Build.0 = Debug|Any CPU
		{747FCB7D-3742-4516-AD26-95174ABE7A83}.Ad-Hoc|ARM.ActiveCfg = Debug|Any CPU
		{747FCB7D-3742-4516-AD26-95174ABE7A83}.Ad-Hoc|ARM.Build.0 = Debug|Any CPU
		{747FCB7D-3742-4516-AD26-95174ABE7A83}.Ad-Hoc|iPhone.ActiveCfg = Debug|Any CPU
		{747FCB7D-3742-4516-AD26-95174ABE7A83}.Ad-Hoc|iPhone.Build.0 = Debug|Any CPU
		{747FCB7D-3742-4516-AD26-95174ABE7A83}.Ad-Hoc|iPhoneSimulator.ActiveCfg = Debug|Any CPU
		{747FCB7D-3742-4516-AD26-95174ABE7A83}.Ad-Hoc|iPhoneSimulator.Build.0 = Debug|Any CPU
		{747FCB7D-3742-4516-AD26-95174ABE7A83}.Ad-Hoc|x64.ActiveCfg = Debug|Any CPU
		{747FCB7D-3742-4516-AD26-95174ABE7A83}.Ad-Hoc|x64.Build.0 = Debug|Any CPU
		{747FCB7D-3742-4516-AD26-95174ABE7A83}.Ad-Hoc|x86.ActiveCfg = Debug|Any CPU
		{747FCB7D-3742-4516-AD26-95174ABE7A83}.Ad-Hoc|x86.Build.0 = Debug|Any CPU
		{747FCB7D-3742-4516-AD26-95174ABE7A83}.AppStore|Any CPU.ActiveCfg = Debug|Any CPU
		{747FCB7D-3742-4516-AD26-95174ABE7A83}.AppStore|Any CPU.Build.0 = Debug|Any CPU
		{747FCB7D-3742-4516-AD26-95174ABE7A83}.AppStore|ARM.ActiveCfg = Debug|Any CPU
		{747FCB7D-3742-4516-AD26-95174ABE7A83}.AppStore|ARM.Build.0 = Debug|Any CPU
		{747FCB7D-3742-4516-AD26-95174ABE7A83}.AppStore|iPhone.ActiveCfg = Debug|Any CPU
		{747FCB7D-3742-4516-AD26-95174ABE7A83}.AppStore|iPhone.Build.0 = Debug|Any CPU
		{747FCB7D-3742-4516-AD26-95174ABE7A83}.AppStore|iPhoneSimulator.ActiveCfg = Debug|Any CPU
		{747FCB7D-3742-4516-AD26-95174ABE7A83}.AppStore|iPhoneSimulator.Build.0 = Debug|Any CPU
		{747FCB7D-3742-4516-AD26-95174ABE7A83}.AppStore|x64.ActiveCfg = Debug|Any CPU
		{747FCB7D-3742-4516-AD26-95174ABE7A83}.AppStore|x64.Build.0 = Debug|Any CPU
		{747FCB7D-3742-4516-AD26-95174ABE7A83}.AppStore|x86.ActiveCfg = Debug|Any CPU
		{747FCB7D-3742-4516-AD26-95174ABE7A83}.AppStore|x86.Build.0 = Debug|Any CPU
		{747FCB7D-3742-4516-AD26-95174ABE7A83}.Debug|Any CPU.ActiveCfg = Debug|Any CPU
		{747FCB7D-3742-4516-AD26-95174ABE7A83}.Debug|Any CPU.Build.0 = Debug|Any CPU
		{747FCB7D-3742-4516-AD26-95174ABE7A83}.Debug|ARM.ActiveCfg = Debug|Any CPU
		{747FCB7D-3742-4516-AD26-95174ABE7A83}.Debug|ARM.Build.0 = Debug|Any CPU
		{747FCB7D-3742-4516-AD26-95174ABE7A83}.Debug|iPhone.ActiveCfg = Debug|Any CPU
		{747FCB7D-3742-4516-AD26-95174ABE7A83}.Debug|iPhone.Build.0 = Debug|Any CPU
		{747FCB7D-3742-4516-AD26-95174ABE7A83}.Debug|iPhoneSimulator.ActiveCfg = Debug|Any CPU
		{747FCB7D-3742-4516-AD26-95174ABE7A83}.Debug|iPhoneSimulator.Build.0 = Debug|Any CPU
		{747FCB7D-3742-4516-AD26-95174ABE7A83}.Debug|x64.ActiveCfg = Debug|Any CPU
		{747FCB7D-3742-4516-AD26-95174ABE7A83}.Debug|x64.Build.0 = Debug|Any CPU
		{747FCB7D-3742-4516-AD26-95174ABE7A83}.Debug|x86.ActiveCfg = Debug|Any CPU
		{747FCB7D-3742-4516-AD26-95174ABE7A83}.Debug|x86.Build.0 = Debug|Any CPU
		{747FCB7D-3742-4516-AD26-95174ABE7A83}.Release|Any CPU.ActiveCfg = Release|Any CPU
		{747FCB7D-3742-4516-AD26-95174ABE7A83}.Release|Any CPU.Build.0 = Release|Any CPU
		{747FCB7D-3742-4516-AD26-95174ABE7A83}.Release|ARM.ActiveCfg = Release|Any CPU
		{747FCB7D-3742-4516-AD26-95174ABE7A83}.Release|ARM.Build.0 = Release|Any CPU
		{747FCB7D-3742-4516-AD26-95174ABE7A83}.Release|iPhone.ActiveCfg = Release|Any CPU
		{747FCB7D-3742-4516-AD26-95174ABE7A83}.Release|iPhone.Build.0 = Release|Any CPU
		{747FCB7D-3742-4516-AD26-95174ABE7A83}.Release|iPhoneSimulator.ActiveCfg = Release|Any CPU
		{747FCB7D-3742-4516-AD26-95174ABE7A83}.Release|iPhoneSimulator.Build.0 = Release|Any CPU
		{747FCB7D-3742-4516-AD26-95174ABE7A83}.Release|x64.ActiveCfg = Release|Any CPU
		{747FCB7D-3742-4516-AD26-95174ABE7A83}.Release|x64.Build.0 = Release|Any CPU
		{747FCB7D-3742-4516-AD26-95174ABE7A83}.Release|x86.ActiveCfg = Release|Any CPU
		{747FCB7D-3742-4516-AD26-95174ABE7A83}.Release|x86.Build.0 = Release|Any CPU
		{F14D1D2B-173B-4EF1-B238-3F758E93D37E}.Ad-Hoc|Any CPU.ActiveCfg = Release|Any CPU
		{F14D1D2B-173B-4EF1-B238-3F758E93D37E}.Ad-Hoc|Any CPU.Build.0 = Release|Any CPU
		{F14D1D2B-173B-4EF1-B238-3F758E93D37E}.Ad-Hoc|Any CPU.Deploy.0 = Release|Any CPU
		{F14D1D2B-173B-4EF1-B238-3F758E93D37E}.Ad-Hoc|ARM.ActiveCfg = Release|Any CPU
		{F14D1D2B-173B-4EF1-B238-3F758E93D37E}.Ad-Hoc|ARM.Build.0 = Release|Any CPU
		{F14D1D2B-173B-4EF1-B238-3F758E93D37E}.Ad-Hoc|ARM.Deploy.0 = Release|Any CPU
		{F14D1D2B-173B-4EF1-B238-3F758E93D37E}.Ad-Hoc|iPhone.ActiveCfg = Release|Any CPU
		{F14D1D2B-173B-4EF1-B238-3F758E93D37E}.Ad-Hoc|iPhone.Build.0 = Release|Any CPU
		{F14D1D2B-173B-4EF1-B238-3F758E93D37E}.Ad-Hoc|iPhone.Deploy.0 = Release|Any CPU
		{F14D1D2B-173B-4EF1-B238-3F758E93D37E}.Ad-Hoc|iPhoneSimulator.ActiveCfg = Release|Any CPU
		{F14D1D2B-173B-4EF1-B238-3F758E93D37E}.Ad-Hoc|iPhoneSimulator.Build.0 = Release|Any CPU
		{F14D1D2B-173B-4EF1-B238-3F758E93D37E}.Ad-Hoc|iPhoneSimulator.Deploy.0 = Release|Any CPU
		{F14D1D2B-173B-4EF1-B238-3F758E93D37E}.Ad-Hoc|x64.ActiveCfg = Release|Any CPU
		{F14D1D2B-173B-4EF1-B238-3F758E93D37E}.Ad-Hoc|x64.Build.0 = Release|Any CPU
		{F14D1D2B-173B-4EF1-B238-3F758E93D37E}.Ad-Hoc|x64.Deploy.0 = Release|Any CPU
		{F14D1D2B-173B-4EF1-B238-3F758E93D37E}.Ad-Hoc|x86.ActiveCfg = Release|Any CPU
		{F14D1D2B-173B-4EF1-B238-3F758E93D37E}.Ad-Hoc|x86.Build.0 = Release|Any CPU
		{F14D1D2B-173B-4EF1-B238-3F758E93D37E}.Ad-Hoc|x86.Deploy.0 = Release|Any CPU
		{F14D1D2B-173B-4EF1-B238-3F758E93D37E}.AppStore|Any CPU.ActiveCfg = Release|Any CPU
		{F14D1D2B-173B-4EF1-B238-3F758E93D37E}.AppStore|Any CPU.Build.0 = Release|Any CPU
		{F14D1D2B-173B-4EF1-B238-3F758E93D37E}.AppStore|Any CPU.Deploy.0 = Release|Any CPU
		{F14D1D2B-173B-4EF1-B238-3F758E93D37E}.AppStore|ARM.ActiveCfg = Release|Any CPU
		{F14D1D2B-173B-4EF1-B238-3F758E93D37E}.AppStore|ARM.Build.0 = Release|Any CPU
		{F14D1D2B-173B-4EF1-B238-3F758E93D37E}.AppStore|ARM.Deploy.0 = Release|Any CPU
		{F14D1D2B-173B-4EF1-B238-3F758E93D37E}.AppStore|iPhone.ActiveCfg = Release|Any CPU
		{F14D1D2B-173B-4EF1-B238-3F758E93D37E}.AppStore|iPhone.Build.0 = Release|Any CPU
		{F14D1D2B-173B-4EF1-B238-3F758E93D37E}.AppStore|iPhone.Deploy.0 = Release|Any CPU
		{F14D1D2B-173B-4EF1-B238-3F758E93D37E}.AppStore|iPhoneSimulator.ActiveCfg = Release|Any CPU
		{F14D1D2B-173B-4EF1-B238-3F758E93D37E}.AppStore|iPhoneSimulator.Build.0 = Release|Any CPU
		{F14D1D2B-173B-4EF1-B238-3F758E93D37E}.AppStore|iPhoneSimulator.Deploy.0 = Release|Any CPU
		{F14D1D2B-173B-4EF1-B238-3F758E93D37E}.AppStore|x64.ActiveCfg = Release|Any CPU
		{F14D1D2B-173B-4EF1-B238-3F758E93D37E}.AppStore|x64.Build.0 = Release|Any CPU
		{F14D1D2B-173B-4EF1-B238-3F758E93D37E}.AppStore|x64.Deploy.0 = Release|Any CPU
		{F14D1D2B-173B-4EF1-B238-3F758E93D37E}.AppStore|x86.ActiveCfg = Release|Any CPU
		{F14D1D2B-173B-4EF1-B238-3F758E93D37E}.AppStore|x86.Build.0 = Release|Any CPU
		{F14D1D2B-173B-4EF1-B238-3F758E93D37E}.AppStore|x86.Deploy.0 = Release|Any CPU
		{F14D1D2B-173B-4EF1-B238-3F758E93D37E}.Debug|Any CPU.ActiveCfg = Debug|Any CPU
		{F14D1D2B-173B-4EF1-B238-3F758E93D37E}.Debug|Any CPU.Build.0 = Debug|Any CPU
		{F14D1D2B-173B-4EF1-B238-3F758E93D37E}.Debug|Any CPU.Deploy.0 = Debug|Any CPU
		{F14D1D2B-173B-4EF1-B238-3F758E93D37E}.Debug|ARM.ActiveCfg = Debug|Any CPU
		{F14D1D2B-173B-4EF1-B238-3F758E93D37E}.Debug|ARM.Build.0 = Debug|Any CPU
		{F14D1D2B-173B-4EF1-B238-3F758E93D37E}.Debug|ARM.Deploy.0 = Debug|Any CPU
		{F14D1D2B-173B-4EF1-B238-3F758E93D37E}.Debug|iPhone.ActiveCfg = Debug|Any CPU
		{F14D1D2B-173B-4EF1-B238-3F758E93D37E}.Debug|iPhone.Build.0 = Debug|Any CPU
		{F14D1D2B-173B-4EF1-B238-3F758E93D37E}.Debug|iPhone.Deploy.0 = Debug|Any CPU
		{F14D1D2B-173B-4EF1-B238-3F758E93D37E}.Debug|iPhoneSimulator.ActiveCfg = Debug|Any CPU
		{F14D1D2B-173B-4EF1-B238-3F758E93D37E}.Debug|iPhoneSimulator.Build.0 = Debug|Any CPU
		{F14D1D2B-173B-4EF1-B238-3F758E93D37E}.Debug|iPhoneSimulator.Deploy.0 = Debug|Any CPU
		{F14D1D2B-173B-4EF1-B238-3F758E93D37E}.Debug|x64.ActiveCfg = Debug|Any CPU
		{F14D1D2B-173B-4EF1-B238-3F758E93D37E}.Debug|x64.Build.0 = Debug|Any CPU
		{F14D1D2B-173B-4EF1-B238-3F758E93D37E}.Debug|x64.Deploy.0 = Debug|Any CPU
		{F14D1D2B-173B-4EF1-B238-3F758E93D37E}.Debug|x86.ActiveCfg = Debug|Any CPU
		{F14D1D2B-173B-4EF1-B238-3F758E93D37E}.Debug|x86.Build.0 = Debug|Any CPU
		{F14D1D2B-173B-4EF1-B238-3F758E93D37E}.Debug|x86.Deploy.0 = Debug|Any CPU
		{F14D1D2B-173B-4EF1-B238-3F758E93D37E}.Release|Any CPU.ActiveCfg = Release|Any CPU
		{F14D1D2B-173B-4EF1-B238-3F758E93D37E}.Release|Any CPU.Build.0 = Release|Any CPU
		{F14D1D2B-173B-4EF1-B238-3F758E93D37E}.Release|Any CPU.Deploy.0 = Release|Any CPU
		{F14D1D2B-173B-4EF1-B238-3F758E93D37E}.Release|ARM.ActiveCfg = Release|Any CPU
		{F14D1D2B-173B-4EF1-B238-3F758E93D37E}.Release|ARM.Build.0 = Release|Any CPU
		{F14D1D2B-173B-4EF1-B238-3F758E93D37E}.Release|ARM.Deploy.0 = Release|Any CPU
		{F14D1D2B-173B-4EF1-B238-3F758E93D37E}.Release|iPhone.ActiveCfg = Release|Any CPU
		{F14D1D2B-173B-4EF1-B238-3F758E93D37E}.Release|iPhone.Build.0 = Release|Any CPU
		{F14D1D2B-173B-4EF1-B238-3F758E93D37E}.Release|iPhone.Deploy.0 = Release|Any CPU
		{F14D1D2B-173B-4EF1-B238-3F758E93D37E}.Release|iPhoneSimulator.ActiveCfg = Release|Any CPU
		{F14D1D2B-173B-4EF1-B238-3F758E93D37E}.Release|iPhoneSimulator.Build.0 = Release|Any CPU
		{F14D1D2B-173B-4EF1-B238-3F758E93D37E}.Release|iPhoneSimulator.Deploy.0 = Release|Any CPU
		{F14D1D2B-173B-4EF1-B238-3F758E93D37E}.Release|x64.ActiveCfg = Release|Any CPU
		{F14D1D2B-173B-4EF1-B238-3F758E93D37E}.Release|x64.Build.0 = Release|Any CPU
		{F14D1D2B-173B-4EF1-B238-3F758E93D37E}.Release|x64.Deploy.0 = Release|Any CPU
		{F14D1D2B-173B-4EF1-B238-3F758E93D37E}.Release|x86.ActiveCfg = Release|Any CPU
		{F14D1D2B-173B-4EF1-B238-3F758E93D37E}.Release|x86.Build.0 = Release|Any CPU
		{F14D1D2B-173B-4EF1-B238-3F758E93D37E}.Release|x86.Deploy.0 = Release|Any CPU
		{E94C945D-F1B7-4779-9838-08045F77C5D1}.Ad-Hoc|Any CPU.ActiveCfg = Ad-Hoc|iPhone
		{E94C945D-F1B7-4779-9838-08045F77C5D1}.Ad-Hoc|ARM.ActiveCfg = Ad-Hoc|iPhone
		{E94C945D-F1B7-4779-9838-08045F77C5D1}.Ad-Hoc|iPhone.ActiveCfg = Ad-Hoc|iPhone
		{E94C945D-F1B7-4779-9838-08045F77C5D1}.Ad-Hoc|iPhone.Build.0 = Ad-Hoc|iPhone
		{E94C945D-F1B7-4779-9838-08045F77C5D1}.Ad-Hoc|iPhoneSimulator.ActiveCfg = Ad-Hoc|iPhoneSimulator
		{E94C945D-F1B7-4779-9838-08045F77C5D1}.Ad-Hoc|iPhoneSimulator.Build.0 = Ad-Hoc|iPhoneSimulator
		{E94C945D-F1B7-4779-9838-08045F77C5D1}.Ad-Hoc|x64.ActiveCfg = Ad-Hoc|iPhone
		{E94C945D-F1B7-4779-9838-08045F77C5D1}.Ad-Hoc|x86.ActiveCfg = Ad-Hoc|iPhone
		{E94C945D-F1B7-4779-9838-08045F77C5D1}.AppStore|Any CPU.ActiveCfg = AppStore|iPhone
		{E94C945D-F1B7-4779-9838-08045F77C5D1}.AppStore|ARM.ActiveCfg = AppStore|iPhone
		{E94C945D-F1B7-4779-9838-08045F77C5D1}.AppStore|iPhone.ActiveCfg = AppStore|iPhone
		{E94C945D-F1B7-4779-9838-08045F77C5D1}.AppStore|iPhone.Build.0 = AppStore|iPhone
		{E94C945D-F1B7-4779-9838-08045F77C5D1}.AppStore|iPhoneSimulator.ActiveCfg = AppStore|iPhoneSimulator
		{E94C945D-F1B7-4779-9838-08045F77C5D1}.AppStore|iPhoneSimulator.Build.0 = AppStore|iPhoneSimulator
		{E94C945D-F1B7-4779-9838-08045F77C5D1}.AppStore|x64.ActiveCfg = AppStore|iPhone
		{E94C945D-F1B7-4779-9838-08045F77C5D1}.AppStore|x86.ActiveCfg = AppStore|iPhone
		{E94C945D-F1B7-4779-9838-08045F77C5D1}.Debug|Any CPU.ActiveCfg = Debug|iPhone
		{E94C945D-F1B7-4779-9838-08045F77C5D1}.Debug|ARM.ActiveCfg = Debug|iPhone
		{E94C945D-F1B7-4779-9838-08045F77C5D1}.Debug|iPhone.ActiveCfg = Debug|iPhone
		{E94C945D-F1B7-4779-9838-08045F77C5D1}.Debug|iPhone.Build.0 = Debug|iPhone
		{E94C945D-F1B7-4779-9838-08045F77C5D1}.Debug|iPhoneSimulator.ActiveCfg = Debug|iPhoneSimulator
		{E94C945D-F1B7-4779-9838-08045F77C5D1}.Debug|iPhoneSimulator.Build.0 = Debug|iPhoneSimulator
		{E94C945D-F1B7-4779-9838-08045F77C5D1}.Debug|x64.ActiveCfg = Debug|iPhone
		{E94C945D-F1B7-4779-9838-08045F77C5D1}.Debug|x86.ActiveCfg = Debug|iPhone
		{E94C945D-F1B7-4779-9838-08045F77C5D1}.Release|Any CPU.ActiveCfg = Release|iPhone
		{E94C945D-F1B7-4779-9838-08045F77C5D1}.Release|ARM.ActiveCfg = Release|iPhone
		{E94C945D-F1B7-4779-9838-08045F77C5D1}.Release|iPhone.ActiveCfg = Release|iPhone
		{E94C945D-F1B7-4779-9838-08045F77C5D1}.Release|iPhone.Build.0 = Release|iPhone
		{E94C945D-F1B7-4779-9838-08045F77C5D1}.Release|iPhoneSimulator.ActiveCfg = Release|iPhoneSimulator
		{E94C945D-F1B7-4779-9838-08045F77C5D1}.Release|iPhoneSimulator.Build.0 = Release|iPhoneSimulator
		{E94C945D-F1B7-4779-9838-08045F77C5D1}.Release|x64.ActiveCfg = Release|iPhone
		{E94C945D-F1B7-4779-9838-08045F77C5D1}.Release|x86.ActiveCfg = Release|iPhone
		{A7B08251-4922-4971-BA0C-30E63C24A392}.Ad-Hoc|Any CPU.ActiveCfg = Release|x86
		{A7B08251-4922-4971-BA0C-30E63C24A392}.Ad-Hoc|Any CPU.Build.0 = Release|x86
		{A7B08251-4922-4971-BA0C-30E63C24A392}.Ad-Hoc|Any CPU.Deploy.0 = Release|x86
		{A7B08251-4922-4971-BA0C-30E63C24A392}.Ad-Hoc|ARM.ActiveCfg = Release|ARM
		{A7B08251-4922-4971-BA0C-30E63C24A392}.Ad-Hoc|ARM.Build.0 = Release|ARM
		{A7B08251-4922-4971-BA0C-30E63C24A392}.Ad-Hoc|ARM.Deploy.0 = Release|ARM
		{A7B08251-4922-4971-BA0C-30E63C24A392}.Ad-Hoc|iPhone.ActiveCfg = Release|x86
		{A7B08251-4922-4971-BA0C-30E63C24A392}.Ad-Hoc|iPhone.Build.0 = Release|x86
		{A7B08251-4922-4971-BA0C-30E63C24A392}.Ad-Hoc|iPhone.Deploy.0 = Release|x86
		{A7B08251-4922-4971-BA0C-30E63C24A392}.Ad-Hoc|iPhoneSimulator.ActiveCfg = Release|x86
		{A7B08251-4922-4971-BA0C-30E63C24A392}.Ad-Hoc|iPhoneSimulator.Build.0 = Release|x86
		{A7B08251-4922-4971-BA0C-30E63C24A392}.Ad-Hoc|iPhoneSimulator.Deploy.0 = Release|x86
		{A7B08251-4922-4971-BA0C-30E63C24A392}.Ad-Hoc|x64.ActiveCfg = Release|x64
		{A7B08251-4922-4971-BA0C-30E63C24A392}.Ad-Hoc|x64.Build.0 = Release|x64
		{A7B08251-4922-4971-BA0C-30E63C24A392}.Ad-Hoc|x64.Deploy.0 = Release|x64
		{A7B08251-4922-4971-BA0C-30E63C24A392}.Ad-Hoc|x86.ActiveCfg = Release|x86
		{A7B08251-4922-4971-BA0C-30E63C24A392}.Ad-Hoc|x86.Build.0 = Release|x86
		{A7B08251-4922-4971-BA0C-30E63C24A392}.Ad-Hoc|x86.Deploy.0 = Release|x86
		{A7B08251-4922-4971-BA0C-30E63C24A392}.AppStore|Any CPU.ActiveCfg = Release|x86
		{A7B08251-4922-4971-BA0C-30E63C24A392}.AppStore|Any CPU.Build.0 = Release|x86
		{A7B08251-4922-4971-BA0C-30E63C24A392}.AppStore|Any CPU.Deploy.0 = Release|x86
		{A7B08251-4922-4971-BA0C-30E63C24A392}.AppStore|ARM.ActiveCfg = Release|ARM
		{A7B08251-4922-4971-BA0C-30E63C24A392}.AppStore|ARM.Build.0 = Release|ARM
		{A7B08251-4922-4971-BA0C-30E63C24A392}.AppStore|ARM.Deploy.0 = Release|ARM
		{A7B08251-4922-4971-BA0C-30E63C24A392}.AppStore|iPhone.ActiveCfg = Release|x86
		{A7B08251-4922-4971-BA0C-30E63C24A392}.AppStore|iPhone.Build.0 = Release|x86
		{A7B08251-4922-4971-BA0C-30E63C24A392}.AppStore|iPhone.Deploy.0 = Release|x86
		{A7B08251-4922-4971-BA0C-30E63C24A392}.AppStore|iPhoneSimulator.ActiveCfg = Release|x86
		{A7B08251-4922-4971-BA0C-30E63C24A392}.AppStore|iPhoneSimulator.Build.0 = Release|x86
		{A7B08251-4922-4971-BA0C-30E63C24A392}.AppStore|iPhoneSimulator.Deploy.0 = Release|x86
		{A7B08251-4922-4971-BA0C-30E63C24A392}.AppStore|x64.ActiveCfg = Release|x64
		{A7B08251-4922-4971-BA0C-30E63C24A392}.AppStore|x64.Build.0 = Release|x64
		{A7B08251-4922-4971-BA0C-30E63C24A392}.AppStore|x64.Deploy.0 = Release|x64
		{A7B08251-4922-4971-BA0C-30E63C24A392}.AppStore|x86.ActiveCfg = Release|x86
		{A7B08251-4922-4971-BA0C-30E63C24A392}.AppStore|x86.Build.0 = Release|x86
		{A7B08251-4922-4971-BA0C-30E63C24A392}.AppStore|x86.Deploy.0 = Release|x86
		{A7B08251-4922-4971-BA0C-30E63C24A392}.Debug|Any CPU.ActiveCfg = Debug|x86
		{A7B08251-4922-4971-BA0C-30E63C24A392}.Debug|ARM.ActiveCfg = Debug|ARM
		{A7B08251-4922-4971-BA0C-30E63C24A392}.Debug|ARM.Build.0 = Debug|ARM
		{A7B08251-4922-4971-BA0C-30E63C24A392}.Debug|ARM.Deploy.0 = Debug|ARM
		{A7B08251-4922-4971-BA0C-30E63C24A392}.Debug|iPhone.ActiveCfg = Debug|x86
		{A7B08251-4922-4971-BA0C-30E63C24A392}.Debug|iPhoneSimulator.ActiveCfg = Debug|x86
		{A7B08251-4922-4971-BA0C-30E63C24A392}.Debug|x64.ActiveCfg = Debug|x64
		{A7B08251-4922-4971-BA0C-30E63C24A392}.Debug|x64.Build.0 = Debug|x64
		{A7B08251-4922-4971-BA0C-30E63C24A392}.Debug|x64.Deploy.0 = Debug|x64
		{A7B08251-4922-4971-BA0C-30E63C24A392}.Debug|x86.ActiveCfg = Debug|x86
		{A7B08251-4922-4971-BA0C-30E63C24A392}.Debug|x86.Build.0 = Debug|x86
		{A7B08251-4922-4971-BA0C-30E63C24A392}.Debug|x86.Deploy.0 = Debug|x86
		{A7B08251-4922-4971-BA0C-30E63C24A392}.Release|Any CPU.ActiveCfg = Release|x86
		{A7B08251-4922-4971-BA0C-30E63C24A392}.Release|ARM.ActiveCfg = Release|ARM
		{A7B08251-4922-4971-BA0C-30E63C24A392}.Release|ARM.Build.0 = Release|ARM
		{A7B08251-4922-4971-BA0C-30E63C24A392}.Release|ARM.Deploy.0 = Release|ARM
		{A7B08251-4922-4971-BA0C-30E63C24A392}.Release|iPhone.ActiveCfg = Release|x86
		{A7B08251-4922-4971-BA0C-30E63C24A392}.Release|iPhoneSimulator.ActiveCfg = Release|x86
		{A7B08251-4922-4971-BA0C-30E63C24A392}.Release|x64.ActiveCfg = Release|x64
		{A7B08251-4922-4971-BA0C-30E63C24A392}.Release|x64.Build.0 = Release|x64
		{A7B08251-4922-4971-BA0C-30E63C24A392}.Release|x64.Deploy.0 = Release|x64
		{A7B08251-4922-4971-BA0C-30E63C24A392}.Release|x86.ActiveCfg = Release|x86
		{A7B08251-4922-4971-BA0C-30E63C24A392}.Release|x86.Build.0 = Release|x86
		{A7B08251-4922-4971-BA0C-30E63C24A392}.Release|x86.Deploy.0 = Release|x86
	EndGlobalSection
	GlobalSection(SolutionProperties) = preSolution
		HideSolutionNode = FALSE
	EndGlobalSection
	GlobalSection(ExtensibilityGlobals) = postSolution
		SolutionGuid = {AA1F364D-3807-4A60-A88F-7219E4BD21D5}
	EndGlobalSection
EndGlobal
